<?xml version="1.0" encoding="UTF-8" standalone="yes" ?>
<CodeBlocks_project_file>
	<FileVersion major="1" minor="6" />
	<Project>
		<Option title="fuji_asm" />
		<Option pch_mode="2" />
		<Option compiler="gcc" />
		<Build>
			<Target title="Debug">
				<Option output="bin/Debug/fuji_asm" prefix_auto="1" extension_auto="1" />
				<Option object_output="obj/Debug/" />
				<Option type="1" />
				<Option compiler="gcc" />
				<Compiler>
					<Add option="-g" />
					<Add directory="../inc" />
				</Compiler>
			</Target>
			<Target title="Release">
				<Option output="bin/Release/fuji_asm" prefix_auto="1" extension_auto="1" />
				<Option object_output="obj/Release/" />
				<Option type="1" />
				<Option compiler="gcc" />
				<Compiler>
					<Add option="-O2" />
				</Compiler>
				<Linker>
					<Add option="-s" />
				</Linker>
			</Target>
		</Build>
		<Compiler>
			<Add option="-Wall" />
			<Add option="-std=c++11" />
		</Compiler>
		<Unit filename="../inc/add.h" />
		<Unit filename="../inc/cmp.h" />
		<Unit filename="../inc/data_segment.h" />
		<Unit filename="../inc/dec.h" />
		<Unit filename="../inc/div.h" />
		<Unit filename="../inc/map_tbl.h" />
		<Unit filename="../inc/misc_str.h" />
		<Unit filename="../inc/mov.h" />
		<Unit filename="../inc/mul.h" />
		<Unit filename="../inc/opcode.h" />
		<Unit filename="../inc/opcode_proc.h" />
		<Unit filename="../inc/sub.h" />
		<Unit filename="../inc/xchg.h" />
		<Unit filename="../src/add.cpp" />
		<Unit filename="../src/cmp.cpp" />
		<Unit filename="../src/data_segment.cpp" />
		<Unit filename="../src/dec.cpp" />
		<Unit filename="../src/div.cpp" />
		<Unit filename="../src/main.cpp" />
		<Unit filename="../src/map_tbl.cpp" />
		<Unit filename="../src/mov.cpp" />
		<Unit filename="../src/mul.cpp" />
		<Unit filename="../src/opcode_proc.cpp" />
		<Unit filename="../src/sub.cpp" />
		<Unit filename="../src/xchg.cpp" />
		<Extensions>
			<code_completion />
			<envvars />
			<debugger />
		</Extensions>
	</Project>
</CodeBlocks_project_file>
